
Microsoft Visual Studio Solution File, Format Version 12.00
# Visual Studio 2012
Project("{FAE04EC0-301F-11D3-BF4B-00C04F79EFBC}") = "Latihan_1_2", "Latihan_1_2\Latihan_1_2.csproj", "{B31BBDC0-6EE9-4A06-B648-0EC7BB87C931}"
EndProject
Project("{FAE04EC0-301F-11D3-BF4B-00C04F79EFBC}") = "Latihan_1_1", "Latihan_1_1\Latihan_1_1.csproj", "{5BEE5E9D-A198-47FF-ADF6-FDA5B8E21A95}"
EndProject
Project("{FAE04EC0-301F-11D3-BF4B-00C04F79EFBC}") = "Latihan_1_3", "Latihan_1_3\Latihan_1_3.csproj", "{4F6FFBFF-9898-4FBE-8AE5-E90DE49C086F}"
EndProject
Project("{FAE04EC0-301F-11D3-BF4B-00C04F79EFBC}") = "Latihan_2_1", "Latihan_2_1\Latihan_2_1.csproj", "{7D9EB0D8-F516-4B1A-A476-20AFD160ACDF}"
EndProject
Project("{FAE04EC0-301F-11D3-BF4B-00C04F79EFBC}") = "Latihan_3_1", "Latihan_3_1\Latihan_3_1.csproj", "{C9779883-F4BA-4209-9228-5676B61BA26F}"
EndProject
Project("{FAE04EC0-301F-11D3-BF4B-00C04F79EFBC}") = "Latihan_4_1", "Latihan_4_1\Latihan_4_1.csproj", "{1ACD1DC9-E25F-4A7E-A9F6-06E1D7746D4B}"
EndProject
Project("{FAE04EC0-301F-11D3-BF4B-00C04F79EFBC}") = "Latihan_5_1", "Latihan_5_1\Latihan_5_1.csproj", "{C71895FB-4327-4592-9A10-B5238AE12253}"
EndProject
Project("{FAE04EC0-301F-11D3-BF4B-00C04F79EFBC}") = "volleyball_problem", "volleyball_problem\volleyball_problem.csproj", "{822A7D9E-10CF-45E8-AB15-C6EE8803CCEE}"
EndProject
Global
	GlobalSection(SolutionConfigurationPlatforms) = preSolution
		Debug|Any CPU = Debug|Any CPU
		Release|Any CPU = Release|Any CPU
	EndGlobalSection
	GlobalSection(ProjectConfigurationPlatforms) = postSolution
		{B31BBDC0-6EE9-4A06-B648-0EC7BB87C931}.Debug|Any CPU.ActiveCfg = Debug|Any CPU
		{B31BBDC0-6EE9-4A06-B648-0EC7BB87C931}.Debug|Any CPU.Build.0 = Debug|Any CPU
		{B31BBDC0-6EE9-4A06-B648-0EC7BB87C931}.Release|Any CPU.ActiveCfg = Release|Any CPU
		{B31BBDC0-6EE9-4A06-B648-0EC7BB87C931}.Release|Any CPU.Build.0 = Release|Any CPU
		{5BEE5E9D-A198-47FF-ADF6-FDA5B8E21A95}.Debug|Any CPU.ActiveCfg = Debug|Any CPU
		{5BEE5E9D-A198-47FF-ADF6-FDA5B8E21A95}.Debug|Any CPU.Build.0 = Debug|Any CPU
		{5BEE5E9D-A198-47FF-ADF6-FDA5B8E21A95}.Release|Any CPU.ActiveCfg = Release|Any CPU
		{5BEE5E9D-A198-47FF-ADF6-FDA5B8E21A95}.Release|Any CPU.Build.0 = Release|Any CPU
		{4F6FFBFF-9898-4FBE-8AE5-E90DE49C086F}.Debug|Any CPU.ActiveCfg = Debug|Any CPU
		{4F6FFBFF-9898-4FBE-8AE5-E90DE49C086F}.Debug|Any CPU.Build.0 = Debug|Any CPU
		{4F6FFBFF-9898-4FBE-8AE5-E90DE49C086F}.Release|Any CPU.ActiveCfg = Release|Any CPU
		{4F6FFBFF-9898-4FBE-8AE5-E90DE49C086F}.Release|Any CPU.Build.0 = Release|Any CPU
		{7D9EB0D8-F516-4B1A-A476-20AFD160ACDF}.Debug|Any CPU.ActiveCfg = Debug|Any CPU
		{7D9EB0D8-F516-4B1A-A476-20AFD160ACDF}.Debug|Any CPU.Build.0 = Debug|Any CPU
		{7D9EB0D8-F516-4B1A-A476-20AFD160ACDF}.Release|Any CPU.ActiveCfg = Release|Any CPU
		{7D9EB0D8-F516-4B1A-A476-20AFD160ACDF}.Release|Any CPU.Build.0 = Release|Any CPU
		{C9779883-F4BA-4209-9228-5676B61BA26F}.Debug|Any CPU.ActiveCfg = Debug|Any CPU
		{C9779883-F4BA-4209-9228-5676B61BA26F}.Debug|Any CPU.Build.0 = Debug|Any CPU
		{C9779883-F4BA-4209-9228-5676B61BA26F}.Release|Any CPU.ActiveCfg = Release|Any CPU
		{C9779883-F4BA-4209-9228-5676B61BA26F}.Release|Any CPU.Build.0 = Release|Any CPU
		{1ACD1DC9-E25F-4A7E-A9F6-06E1D7746D4B}.Debug|Any CPU.ActiveCfg = Debug|Any CPU
		{1ACD1DC9-E25F-4A7E-A9F6-06E1D7746D4B}.Debug|Any CPU.Build.0 = Debug|Any CPU
		{1ACD1DC9-E25F-4A7E-A9F6-06E1D7746D4B}.Release|Any CPU.ActiveCfg = Release|Any CPU
		{1ACD1DC9-E25F-4A7E-A9F6-06E1D7746D4B}.Release|Any CPU.Build.0 = Release|Any CPU
		{C71895FB-4327-4592-9A10-B5238AE12253}.Debug|Any CPU.ActiveCfg = Debug|Any CPU
		{C71895FB-4327-4592-9A10-B5238AE12253}.Debug|Any CPU.Build.0 = Debug|Any CPU
		{C71895FB-4327-4592-9A10-B5238AE12253}.Release|Any CPU.ActiveCfg = Release|Any CPU
		{C71895FB-4327-4592-9A10-B5238AE12253}.Release|Any CPU.Build.0 = Release|Any CPU
		{822A7D9E-10CF-45E8-AB15-C6EE8803CCEE}.Debug|Any CPU.ActiveCfg = Debug|Any CPU
		{822A7D9E-10CF-45E8-AB15-C6EE8803CCEE}.Debug|Any CPU.Build.0 = Debug|Any CPU
		{822A7D9E-10CF-45E8-AB15-C6EE8803CCEE}.Release|Any CPU.ActiveCfg = Release|Any CPU
		{822A7D9E-10CF-45E8-AB15-C6EE8803CCEE}.Release|Any CPU.Build.0 = Release|Any CPU
	EndGlobalSection
	GlobalSection(SolutionProperties) = preSolution
		HideSolutionNode = FALSE
	EndGlobalSection
EndGlobal
